
Microsoft Visual Studio Solution File, Format Version 12.00
# Visual Studio Version 16
VisualStudioVersion = 16.0.30320.27
MinimumVisualStudioVersion = 10.0.40219.1
Project("{FAE04EC0-301F-11D3-BF4B-00C04F79EFBC}") = "spigotmc.org", "spigotmc.org\spigotmc.org.csproj", "{243D600F-C4D0-4019-8372-E76874B75C73}"
EndProject
Global
	GlobalSection(SolutionConfigurationPlatforms) = preSolution
		Debug|Any CPU = Debug|Any CPU
		Release|Any CPU = Release|Any CPU
	EndGlobalSection
	GlobalSection(ProjectConfigurationPlatforms) = postSolution
		{243D600F-C4D0-4019-8372-E76874B75C73}.Debug|Any CPU.ActiveCfg = Debug|Any CPU
		{243D600F-C4D0-4019-8372-E76874B75C73}.Debug|Any CPU.Build.0 = Debug|Any CPU
		{243D600F-C4D0-4019-8372-E76874B75C73}.Release|Any CPU.ActiveCfg = Release|Any CPU
		{243D600F-C4D0-4019-8372-E76874B75C73}.Release|Any CPU.Build.0 = Release|Any CPU
	EndGlobalSection
	GlobalSection(SolutionProperties) = preSolution
		HideSolutionNode = FALSE
	EndGlobalSection
	GlobalSection(ExtensibilityGlobals) = postSolution
		SolutionGuid = {FCFB88A3-3DEF-417D-8715-BC18F648FCB6}
	EndGlobalSection
EndGlobal
